
Microsoft Visual Studio Solution File, Format Version 12.00
# Visual Studio Version 17
VisualStudioVersion = 17.11.35312.102
MinimumVisualStudioVersion = 10.0.40219.1
Project("{FAE04EC0-301F-11D3-BF4B-00C04F79EFBC}") = "ContactManagementSystem", "ContactManagementSystem.csproj", "{602B4256-5CB8-4AB1-89AB-E7E4ABDB39B7}"
EndProject
Global
	GlobalSection(SolutionConfigurationPlatforms) = preSolution
		Debug|Any CPU = Debug|Any CPU
		Release|Any CPU = Release|Any CPU
	EndGlobalSection
	GlobalSection(ProjectConfigurationPlatforms) = postSolution
		{602B4256-5CB8-4AB1-89AB-E7E4ABDB39B7}.Debug|Any CPU.ActiveCfg = Debug|Any CPU
		{602B4256-5CB8-4AB1-89AB-E7E4ABDB39B7}.Debug|Any CPU.Build.0 = Debug|Any CPU
		{602B4256-5CB8-4AB1-89AB-E7E4ABDB39B7}.Release|Any CPU.ActiveCfg = Release|Any CPU
		{602B4256-5CB8-4AB1-89AB-E7E4ABDB39B7}.Release|Any CPU.Build.0 = Release|Any CPU
	EndGlobalSection
	GlobalSection(SolutionProperties) = preSolution
		HideSolutionNode = FALSE
	EndGlobalSection
	GlobalSection(ExtensibilityGlobals) = postSolution
		SolutionGuid = {2929ACF2-B105-40E7-965E-30C48D971A8A}
	EndGlobalSection
EndGlobal
